
Microsoft Visual Studio Solution File, Format Version 12.00
# Visual Studio 15
VisualStudioVersion = 15.0.27130.2027
MinimumVisualStudioVersion = 10.0.40219.1
Project("{F184B08F-C81C-45F6-A57F-5ABD9991F28F}") = "ProxyGenerator", "ProxyGenerator\ProxyGenerator.vbproj", "{B661A859-58A7-4C94-AC43-08F3EDED64AA}"
EndProject
Project("{F184B08F-C81C-45F6-A57F-5ABD9991F28F}") = "ProxyGenerator_V2", "ProxyGenerator_V2\ProxyGenerator_V2.vbproj", "{06E37744-B5A6-4633-B390-3B6B2E6AE641}"
EndProject
Project("{F184B08F-C81C-45F6-A57F-5ABD9991F28F}") = "INI_to_TXT", "INI_to_TXT\INI_to_TXT.vbproj", "{F372F92F-DA5E-4F7B-80DE-00E6DDEFCC9A}"
EndProject
Project("{F184B08F-C81C-45F6-A57F-5ABD9991F28F}") = "SingleThreadProxyGen", "SingleThreadProxyGen\SingleThreadProxyGen.vbproj", "{0BE36D68-FE86-4F0A-8785-E3161B53EFC2}"
EndProject
Project("{F184B08F-C81C-45F6-A57F-5ABD9991F28F}") = "SimpleProxyGen", "SimpleProxyGen\SimpleProxyGen.vbproj", "{56BC5B67-FA22-4259-A7B9-80F00903FBF5}"
EndProject
Global
	GlobalSection(SolutionConfigurationPlatforms) = preSolution
		Debug|Any CPU = Debug|Any CPU
		Release|Any CPU = Release|Any CPU
	EndGlobalSection
	GlobalSection(ProjectConfigurationPlatforms) = postSolution
		{B661A859-58A7-4C94-AC43-08F3EDED64AA}.Debug|Any CPU.ActiveCfg = Debug|Any CPU
		{B661A859-58A7-4C94-AC43-08F3EDED64AA}.Debug|Any CPU.Build.0 = Debug|Any CPU
		{B661A859-58A7-4C94-AC43-08F3EDED64AA}.Release|Any CPU.ActiveCfg = Release|Any CPU
		{B661A859-58A7-4C94-AC43-08F3EDED64AA}.Release|Any CPU.Build.0 = Release|Any CPU
		{06E37744-B5A6-4633-B390-3B6B2E6AE641}.Debug|Any CPU.ActiveCfg = Debug|Any CPU
		{06E37744-B5A6-4633-B390-3B6B2E6AE641}.Debug|Any CPU.Build.0 = Debug|Any CPU
		{06E37744-B5A6-4633-B390-3B6B2E6AE641}.Release|Any CPU.ActiveCfg = Release|Any CPU
		{06E37744-B5A6-4633-B390-3B6B2E6AE641}.Release|Any CPU.Build.0 = Release|Any CPU
		{F372F92F-DA5E-4F7B-80DE-00E6DDEFCC9A}.Debug|Any CPU.ActiveCfg = Debug|Any CPU
		{F372F92F-DA5E-4F7B-80DE-00E6DDEFCC9A}.Debug|Any CPU.Build.0 = Debug|Any CPU
		{F372F92F-DA5E-4F7B-80DE-00E6DDEFCC9A}.Release|Any CPU.ActiveCfg = Release|Any CPU
		{F372F92F-DA5E-4F7B-80DE-00E6DDEFCC9A}.Release|Any CPU.Build.0 = Release|Any CPU
		{0BE36D68-FE86-4F0A-8785-E3161B53EFC2}.Debug|Any CPU.ActiveCfg = Debug|Any CPU
		{0BE36D68-FE86-4F0A-8785-E3161B53EFC2}.Debug|Any CPU.Build.0 = Debug|Any CPU
		{0BE36D68-FE86-4F0A-8785-E3161B53EFC2}.Release|Any CPU.ActiveCfg = Release|Any CPU
		{0BE36D68-FE86-4F0A-8785-E3161B53EFC2}.Release|Any CPU.Build.0 = Release|Any CPU
		{56BC5B67-FA22-4259-A7B9-80F00903FBF5}.Debug|Any CPU.ActiveCfg = Debug|Any CPU
		{56BC5B67-FA22-4259-A7B9-80F00903FBF5}.Debug|Any CPU.Build.0 = Debug|Any CPU
		{56BC5B67-FA22-4259-A7B9-80F00903FBF5}.Release|Any CPU.ActiveCfg = Release|Any CPU
		{56BC5B67-FA22-4259-A7B9-80F00903FBF5}.Release|Any CPU.Build.0 = Release|Any CPU
	EndGlobalSection
	GlobalSection(SolutionProperties) = preSolution
		HideSolutionNode = FALSE
	EndGlobalSection
	GlobalSection(ExtensibilityGlobals) = postSolution
		SolutionGuid = {87306D35-303E-43DA-BC61-9B340B0A446D}
	EndGlobalSection
EndGlobal
